Microsoft Visual Studio Solution File, Format Version 12.00
# Visual Studio Version 17
VisualStudioVersion = 17.0.31919.166
MinimumVisualStudioVersion = 16.0.0.0
Project("{FAE04EC0-301F-11D3-BF4B-00C04F79EFBC}") = "MyApp.Android", "MyApp.Android\MyApp.Android.csproj", "{8B957A8C-E76B-4730-90D1-41AE325E2685}"
EndProject
Project("{FAE04EC0-301F-11D3-BF4B-00C04F79EFBC}") = "MyApp.iOS", "MyApp.iOS\MyApp.iOS.csproj", "{E432C888-6C1E-410C-A08D-20773A9E91D2}"
EndProject
Project("{FAE04EC0-301F-11D3-BF4B-00C04F79EFBC}") = "webpage", "webpage\webpage.csproj", "{364D9DE3-F28C-4851-A51B-6AD62DA5BCB4}"
EndProject
Global
	GlobalSection(SolutionConfigurationPlatforms) = preSolution
		Debug|Any CPU = Debug|Any CPU
		Debug|iPhone = Debug|iPhone
		Debug|iPhoneSimulator = Debug|iPhoneSimulator
		Debug|x64 = Debug|x64
		Debug|x86 = Debug|x86
		Release|Any CPU = Release|Any CPU
		Release|iPhone = Release|iPhone
		Release|iPhoneSimulator = Release|iPhoneSimulator
		Release|x64 = Release|x64
		Release|x86 = Release|x86
	EndGlobalSection
	GlobalSection(ProjectConfigurationPlatforms) = postSolution
		{8B957A8C-E76B-4730-90D1-41AE325E2685}.Debug|Any CPU.ActiveCfg = Debug|Any CPU
		{8B957A8C-E76B-4730-90D1-41AE325E2685}.Debug|Any CPU.Build.0 = Debug|Any CPU
		{8B957A8C-E76B-4730-90D1-41AE325E2685}.Debug|Any CPU.Deploy.0 = Debug|Any CPU
		{8B957A8C-E76B-4730-90D1-41AE325E2685}.Debug|iPhone.ActiveCfg = Debug|Any CPU
		{8B957A8C-E76B-4730-90D1-41AE325E2685}.Debug|iPhone.Build.0 = Debug|Any CPU
		{8B957A8C-E76B-4730-90D1-41AE325E2685}.Debug|iPhone.Deploy.0 = Debug|Any CPU
		{8B957A8C-E76B-4730-90D1-41AE325E2685}.Debug|iPhoneSimulator.ActiveCfg = Debug|Any CPU
		{8B957A8C-E76B-4730-90D1-41AE325E2685}.Debug|iPhoneSimulator.Build.0 = Debug|Any CPU
		{8B957A8C-E76B-4730-90D1-41AE325E2685}.Debug|iPhoneSimulator.Deploy.0 = Debug|Any CPU
		{8B957A8C-E76B-4730-90D1-41AE325E2685}.Debug|x64.ActiveCfg = Debug|Any CPU
		{8B957A8C-E76B-4730-90D1-41AE325E2685}.Debug|x64.Build.0 = Debug|Any CPU
		{8B957A8C-E76B-4730-90D1-41AE325E2685}.Debug|x64.Deploy.0 = Debug|Any CPU
		{8B957A8C-E76B-4730-90D1-41AE325E2685}.Debug|x86.ActiveCfg = Debug|Any CPU
		{8B957A8C-E76B-4730-90D1-41AE325E2685}.Debug|x86.Build.0 = Debug|Any CPU
		{8B957A8C-E76B-4730-90D1-41AE325E2685}.Debug|x86.Deploy.0 = Debug|Any CPU
		{8B957A8C-E76B-4730-90D1-41AE325E2685}.Release|Any CPU.ActiveCfg = Release|Any CPU
		{8B957A8C-E76B-4730-90D1-41AE325E2685}.Release|Any CPU.Build.0 = Release|Any CPU
		{8B957A8C-E76B-4730-90D1-41AE325E2685}.Release|Any CPU.Deploy.0 = Release|Any CPU
		{8B957A8C-E76B-4730-90D1-41AE325E2685}.Release|iPhone.ActiveCfg = Release|Any CPU
		{8B957A8C-E76B-4730-90D1-41AE325E2685}.Release|iPhone.Build.0 = Release|Any CPU
		{8B957A8C-E76B-4730-90D1-41AE325E2685}.Release|iPhone.Deploy.0 = Release|Any CPU
		{8B957A8C-E76B-4730-90D1-41AE325E2685}.Release|iPhoneSimulator.ActiveCfg = Release|Any CPU
		{8B957A8C-E76B-4730-90D1-41AE325E2685}.Release|iPhoneSimulator.Build.0 = Release|Any CPU
		{8B957A8C-E76B-4730-90D1-41AE325E2685}.Release|iPhoneSimulator.Deploy.0 = Release|Any CPU
		{8B957A8C-E76B-4730-90D1-41AE325E2685}.Release|x64.ActiveCfg = Release|Any CPU
		{8B957A8C-E76B-4730-90D1-41AE325E2685}.Release|x64.Build.0 = Release|Any CPU
		{8B957A8C-E76B-4730-90D1-41AE325E2685}.Release|x64.Deploy.0 = Release|Any CPU
		{8B957A8C-E76B-4730-90D1-41AE325E2685}.Release|x86.ActiveCfg = Release|Any CPU
		{8B957A8C-E76B-4730-90D1-41AE325E2685}.Release|x86.Build.0 = Release|Any CPU
		{8B957A8C-E76B-4730-90D1-41AE325E2685}.Release|x86.Deploy.0 = Release|Any CPU
		{E432C888-6C1E-410C-A08D-20773A9E91D2}.Debug|Any CPU.ActiveCfg = Debug|iPhone
		{E432C888-6C1E-410C-A08D-20773A9E91D2}.Debug|iPhone.ActiveCfg = Debug|iPhone
		{E432C888-6C1E-410C-A08D-20773A9E91D2}.Debug|iPhone.Build.0 = Debug|iPhone
		{E432C888-6C1E-410C-A08D-20773A9E91D2}.Debug|iPhoneSimulator.ActiveCfg = Debug|iPhoneSimulator
		{E432C888-6C1E-410C-A08D-20773A9E91D2}.Debug|iPhoneSimulator.Build.0 = Debug|iPhoneSimulator
		{E432C888-6C1E-410C-A08D-20773A9E91D2}.Debug|x64.ActiveCfg = Debug|iPhone
		{E432C888-6C1E-410C-A08D-20773A9E91D2}.Debug|x86.ActiveCfg = Debug|iPhone
		{E432C888-6C1E-410C-A08D-20773A9E91D2}.Release|Any CPU.ActiveCfg = Release|iPhone
		{E432C888-6C1E-410C-A08D-20773A9E91D2}.Release|iPhone.ActiveCfg = Release|iPhone
		{E432C888-6C1E-410C-A08D-20773A9E91D2}.Release|iPhone.Build.0 = Release|iPhone
		{E432C888-6C1E-410C-A08D-20773A9E91D2}.Release|iPhoneSimulator.ActiveCfg = Release|iPhoneSimulator
		{E432C888-6C1E-410C-A08D-20773A9E91D2}.Release|iPhoneSimulator.Build.0 = Release|iPhoneSimulator
		{E432C888-6C1E-410C-A08D-20773A9E91D2}.Release|x64.ActiveCfg = Release|iPhone
		{E432C888-6C1E-410C-A08D-20773A9E91D2}.Release|x86.ActiveCfg = Release|iPhone
		{364D9DE3-F28C-4851-A51B-6AD62DA5BCB4}.Debug|Any CPU.ActiveCfg = Debug|Any CPU
		{364D9DE3-F28C-4851-A51B-6AD62DA5BCB4}.Debug|Any CPU.Build.0 = Debug|Any CPU
		{364D9DE3-F28C-4851-A51B-6AD62DA5BCB4}.Debug|iPhone.ActiveCfg = Debug|Any CPU
		{364D9DE3-F28C-4851-A51B-6AD62DA5BCB4}.Debug|iPhone.Build.0 = Debug|Any CPU
		{364D9DE3-F28C-4851-A51B-6AD62DA5BCB4}.Debug|iPhoneSimulator.ActiveCfg = Debug|Any CPU
		{364D9DE3-F28C-4851-A51B-6AD62DA5BCB4}.Debug|iPhoneSimulator.Build.0 = Debug|Any CPU
		{364D9DE3-F28C-4851-A51B-6AD62DA5BCB4}.Debug|x64.ActiveCfg = Debug|Any CPU
		{364D9DE3-F28C-4851-A51B-6AD62DA5BCB4}.Debug|x64.Build.0 = Debug|Any CPU
		{364D9DE3-F28C-4851-A51B-6AD62DA5BCB4}.Debug|x86.ActiveCfg = Debug|Any CPU
		{364D9DE3-F28C-4851-A51B-6AD62DA5BCB4}.Debug|x86.Build.0 = Debug|Any CPU
		{364D9DE3-F28C-4851-A51B-6AD62DA5BCB4}.Release|Any CPU.ActiveCfg = Release|Any CPU
		{364D9DE3-F28C-4851-A51B-6AD62DA5BCB4}.Release|Any CPU.Build.0 = Release|Any CPU
		{364D9DE3-F28C-4851-A51B-6AD62DA5BCB4}.Release|iPhone.ActiveCfg = Release|Any CPU
		{364D9DE3-F28C-4851-A51B-6AD62DA5BCB4}.Release|iPhone.Build.0 = Release|Any CPU
		{364D9DE3-F28C-4851-A51B-6AD62DA5BCB4}.Release|iPhoneSimulator.ActiveCfg = Release|Any CPU
		{364D9DE3-F28C-4851-A51B-6AD62DA5BCB4}.Release|iPhoneSimulator.Build.0 = Release|Any CPU
		{364D9DE3-F28C-4851-A51B-6AD62DA5BCB4}.Release|x64.ActiveCfg = Release|Any CPU
		{364D9DE3-F28C-4851-A51B-6AD62DA5BCB4}.Release|x64.Build.0 = Release|Any CPU
		{364D9DE3-F28C-4851-A51B-6AD62DA5BCB4}.Release|x86.ActiveCfg = Release|Any CPU
		{364D9DE3-F28C-4851-A51B-6AD62DA5BCB4}.Release|x86.Build.0 = Release|Any CPU
	EndGlobalSection
	GlobalSection(SolutionProperties) = preSolution
		HideSolutionNode = FALSE
	EndGlobalSection
	GlobalSection(ExtensibilityGlobals) = postSolution
		SolutionGuid = {C15E5B3B-3E18-4B44-8646-9BB2C63A3186}
	EndGlobalSection
EndGlobal
